
Microsoft Visual Studio Solution File, Format Version 12.00
# Visual Studio 15
VisualStudioVersion = 15.0.26228.4
MinimumVisualStudioVersion = 10.0.40219.1
Project("{FAE04EC0-301F-11D3-BF4B-00C04F79EFBC}") = "Meziantou.AspNetCore.LetsEncrypt", "src\Meziantou.AspNetCore.LetsEncrypt\Meziantou.AspNetCore.LetsEncrypt.csproj", "{E6DF93A6-2E48-479D-B2CF-33D133BB603A}"
EndProject
Project("{2150E333-8FDC-42A3-9474-1A3956D46DE8}") = "src", "src", "{7270B87E-714D-4066-BD76-43BBC4707B85}"
EndProject
Project("{2150E333-8FDC-42A3-9474-1A3956D46DE8}") = "tests", "tests", "{9DB6EED8-CA05-42EA-9546-07C0EC794C58}"
EndProject
Project("{9A19103F-16F7-4668-BE54-9A1E7A4F7556}") = "Meziantou.AspNetCore.UseNodeModules", "src\Meziantou.AspNetCore.UseNodeModules\Meziantou.AspNetCore.UseNodeModules.csproj", "{978E500D-D317-47C9-91BC-877853111175}"
EndProject
Project("{9A19103F-16F7-4668-BE54-9A1E7A4F7556}") = "Meziantou.AspNetCore.Rewrite.Rules", "src\Meziantou.AspNetCore.Rewrite.Rules\Meziantou.AspNetCore.Rewrite.Rules.csproj", "{BC351B0C-37F0-42C8-9C00-71983729B261}"
EndProject
Project("{9A19103F-16F7-4668-BE54-9A1E7A4F7556}") = "Meziantou.AspNetCore.UseNodeModules.Tests", "tests\Meziantou.AspNetCore.UseNodeModules.Tests\Meziantou.AspNetCore.UseNodeModules.Tests.csproj", "{DDC73546-AA62-460B-A5D0-CAFBCB2912EF}"
EndProject
Project("{9A19103F-16F7-4668-BE54-9A1E7A4F7556}") = "Meziantou.AspNetCore.Mvc.TagHelpers", "src\Meziantou.AspNetCore.Mvc.TagHelpers\Meziantou.AspNetCore.Mvc.TagHelpers.csproj", "{B572600B-91DF-4404-93AB-445916ECC083}"
EndProject
Project("{FAE04EC0-301F-11D3-BF4B-00C04F79EFBC}") = "Meziantou.AspNetCore.Hsts", "src\Meziantou.AspNetCore.Hsts\Meziantou.AspNetCore.Hsts.csproj", "{5E10198C-2854-43D1-AAAF-2FBD9672AA56}"
EndProject
Global
	GlobalSection(SolutionConfigurationPlatforms) = preSolution
		Debug|Any CPU = Debug|Any CPU
		Debug|x64 = Debug|x64
		Debug|x86 = Debug|x86
		Release|Any CPU = Release|Any CPU
		Release|x64 = Release|x64
		Release|x86 = Release|x86
	EndGlobalSection
	GlobalSection(ProjectConfigurationPlatforms) = postSolution
		{E6DF93A6-2E48-479D-B2CF-33D133BB603A}.Debug|Any CPU.ActiveCfg = Debug|Any CPU
		{E6DF93A6-2E48-479D-B2CF-33D133BB603A}.Debug|Any CPU.Build.0 = Debug|Any CPU
		{E6DF93A6-2E48-479D-B2CF-33D133BB603A}.Debug|x64.ActiveCfg = Debug|Any CPU
		{E6DF93A6-2E48-479D-B2CF-33D133BB603A}.Debug|x64.Build.0 = Debug|Any CPU
		{E6DF93A6-2E48-479D-B2CF-33D133BB603A}.Debug|x86.ActiveCfg = Debug|Any CPU
		{E6DF93A6-2E48-479D-B2CF-33D133BB603A}.Debug|x86.Build.0 = Debug|Any CPU
		{E6DF93A6-2E48-479D-B2CF-33D133BB603A}.Release|Any CPU.ActiveCfg = Release|Any CPU
		{E6DF93A6-2E48-479D-B2CF-33D133BB603A}.Release|Any CPU.Build.0 = Release|Any CPU
		{E6DF93A6-2E48-479D-B2CF-33D133BB603A}.Release|x64.ActiveCfg = Release|Any CPU
		{E6DF93A6-2E48-479D-B2CF-33D133BB603A}.Release|x64.Build.0 = Release|Any CPU
		{E6DF93A6-2E48-479D-B2CF-33D133BB603A}.Release|x86.ActiveCfg = Release|Any CPU
		{E6DF93A6-2E48-479D-B2CF-33D133BB603A}.Release|x86.Build.0 = Release|Any CPU
		{978E500D-D317-47C9-91BC-877853111175}.Debug|Any CPU.ActiveCfg = Debug|Any CPU
		{978E500D-D317-47C9-91BC-877853111175}.Debug|Any CPU.Build.0 = Debug|Any CPU
		{978E500D-D317-47C9-91BC-877853111175}.Debug|x64.ActiveCfg = Debug|Any CPU
		{978E500D-D317-47C9-91BC-877853111175}.Debug|x64.Build.0 = Debug|Any CPU
		{978E500D-D317-47C9-91BC-877853111175}.Debug|x86.ActiveCfg = Debug|Any CPU
		{978E500D-D317-47C9-91BC-877853111175}.Debug|x86.Build.0 = Debug|Any CPU
		{978E500D-D317-47C9-91BC-877853111175}.Release|Any CPU.ActiveCfg = Release|Any CPU
		{978E500D-D317-47C9-91BC-877853111175}.Release|Any CPU.Build.0 = Release|Any CPU
		{978E500D-D317-47C9-91BC-877853111175}.Release|x64.ActiveCfg = Release|Any CPU
		{978E500D-D317-47C9-91BC-877853111175}.Release|x64.Build.0 = Release|Any CPU
		{978E500D-D317-47C9-91BC-877853111175}.Release|x86.ActiveCfg = Release|Any CPU
		{978E500D-D317-47C9-91BC-877853111175}.Release|x86.Build.0 = Release|Any CPU
		{BC351B0C-37F0-42C8-9C00-71983729B261}.Debug|Any CPU.ActiveCfg = Debug|Any CPU
		{BC351B0C-37F0-42C8-9C00-71983729B261}.Debug|Any CPU.Build.0 = Debug|Any CPU
		{BC351B0C-37F0-42C8-9C00-71983729B261}.Debug|x64.ActiveCfg = Debug|Any CPU
		{BC351B0C-37F0-42C8-9C00-71983729B261}.Debug|x64.Build.0 = Debug|Any CPU
		{BC351B0C-37F0-42C8-9C00-71983729B261}.Debug|x86.ActiveCfg = Debug|Any CPU
		{BC351B0C-37F0-42C8-9C00-71983729B261}.Debug|x86.Build.0 = Debug|Any CPU
		{BC351B0C-37F0-42C8-9C00-71983729B261}.Release|Any CPU.ActiveCfg = Release|Any CPU
		{BC351B0C-37F0-42C8-9C00-71983729B261}.Release|Any CPU.Build.0 = Release|Any CPU
		{BC351B0C-37F0-42C8-9C00-71983729B261}.Release|x64.ActiveCfg = Release|Any CPU
		{BC351B0C-37F0-42C8-9C00-71983729B261}.Release|x64.Build.0 = Release|Any CPU
		{BC351B0C-37F0-42C8-9C00-71983729B261}.Release|x86.ActiveCfg = Release|Any CPU
		{BC351B0C-37F0-42C8-9C00-71983729B261}.Release|x86.Build.0 = Release|Any CPU
		{DDC73546-AA62-460B-A5D0-CAFBCB2912EF}.Debug|Any CPU.ActiveCfg = Debug|Any CPU
		{DDC73546-AA62-460B-A5D0-CAFBCB2912EF}.Debug|Any CPU.Build.0 = Debug|Any CPU
		{DDC73546-AA62-460B-A5D0-CAFBCB2912EF}.Debug|x64.ActiveCfg = Debug|Any CPU
		{DDC73546-AA62-460B-A5D0-CAFBCB2912EF}.Debug|x64.Build.0 = Debug|Any CPU
		{DDC73546-AA62-460B-A5D0-CAFBCB2912EF}.Debug|x86.ActiveCfg = Debug|Any CPU
		{DDC73546-AA62-460B-A5D0-CAFBCB2912EF}.Debug|x86.Build.0 = Debug|Any CPU
		{DDC73546-AA62-460B-A5D0-CAFBCB2912EF}.Release|Any CPU.ActiveCfg = Release|Any CPU
		{DDC73546-AA62-460B-A5D0-CAFBCB2912EF}.Release|Any CPU.Build.0 = Release|Any CPU
		{DDC73546-AA62-460B-A5D0-CAFBCB2912EF}.Release|x64.ActiveCfg = Release|Any CPU
		{DDC73546-AA62-460B-A5D0-CAFBCB2912EF}.Release|x64.Build.0 = Release|Any CPU
		{DDC73546-AA62-460B-A5D0-CAFBCB2912EF}.Release|x86.ActiveCfg = Release|Any CPU
		{DDC73546-AA62-460B-A5D0-CAFBCB2912EF}.Release|x86.Build.0 = Release|Any CPU
		{B572600B-91DF-4404-93AB-445916ECC083}.Debug|Any CPU.ActiveCfg = Debug|Any CPU
		{B572600B-91DF-4404-93AB-445916ECC083}.Debug|Any CPU.Build.0 = Debug|Any CPU
		{B572600B-91DF-4404-93AB-445916ECC083}.Debug|x64.ActiveCfg = Debug|Any CPU
		{B572600B-91DF-4404-93AB-445916ECC083}.Debug|x64.Build.0 = Debug|Any CPU
		{B572600B-91DF-4404-93AB-445916ECC083}.Debug|x86.ActiveCfg = Debug|Any CPU
		{B572600B-91DF-4404-93AB-445916ECC083}.Debug|x86.Build.0 = Debug|Any CPU
		{B572600B-91DF-4404-93AB-445916ECC083}.Release|Any CPU.ActiveCfg = Release|Any CPU
		{B572600B-91DF-4404-93AB-445916ECC083}.Release|Any CPU.Build.0 = Release|Any CPU
		{B572600B-91DF-4404-93AB-445916ECC083}.Release|x64.ActiveCfg = Release|Any CPU
		{B572600B-91DF-4404-93AB-445916ECC083}.Release|x64.Build.0 = Release|Any CPU
		{B572600B-91DF-4404-93AB-445916ECC083}.Release|x86.ActiveCfg = Release|Any CPU
		{B572600B-91DF-4404-93AB-445916ECC083}.Release|x86.Build.0 = Release|Any CPU
		{5E10198C-2854-43D1-AAAF-2FBD9672AA56}.Debug|Any CPU.ActiveCfg = Debug|Any CPU
		{5E10198C-2854-43D1-AAAF-2FBD9672AA56}.Debug|Any CPU.Build.0 = Debug|Any CPU
		{5E10198C-2854-43D1-AAAF-2FBD9672AA56}.Debug|x64.ActiveCfg = Debug|Any CPU
		{5E10198C-2854-43D1-AAAF-2FBD9672AA56}.Debug|x64.Build.0 = Debug|Any CPU
		{5E10198C-2854-43D1-AAAF-2FBD9672AA56}.Debug|x86.ActiveCfg = Debug|Any CPU
		{5E10198C-2854-43D1-AAAF-2FBD9672AA56}.Debug|x86.Build.0 = Debug|Any CPU
		{5E10198C-2854-43D1-AAAF-2FBD9672AA56}.Release|Any CPU.ActiveCfg = Release|Any CPU
		{5E10198C-2854-43D1-AAAF-2FBD9672AA56}.Release|Any CPU.Build.0 = Release|Any CPU
		{5E10198C-2854-43D1-AAAF-2FBD9672AA56}.Release|x64.ActiveCfg = Release|Any CPU
		{5E10198C-2854-43D1-AAAF-2FBD9672AA56}.Release|x64.Build.0 = Release|Any CPU
		{5E10198C-2854-43D1-AAAF-2FBD9672AA56}.Release|x86.ActiveCfg = Release|Any CPU
		{5E10198C-2854-43D1-AAAF-2FBD9672AA56}.Release|x86.Build.0 = Release|Any CPU
	EndGlobalSection
	GlobalSection(SolutionProperties) = preSolution
		HideSolutionNode = FALSE
	EndGlobalSection
	GlobalSection(NestedProjects) = preSolution
		{E6DF93A6-2E48-479D-B2CF-33D133BB603A} = {7270B87E-714D-4066-BD76-43BBC4707B85}
		{978E500D-D317-47C9-91BC-877853111175} = {7270B87E-714D-4066-BD76-43BBC4707B85}
		{BC351B0C-37F0-42C8-9C00-71983729B261} = {7270B87E-714D-4066-BD76-43BBC4707B85}
		{DDC73546-AA62-460B-A5D0-CAFBCB2912EF} = {9DB6EED8-CA05-42EA-9546-07C0EC794C58}
		{B572600B-91DF-4404-93AB-445916ECC083} = {7270B87E-714D-4066-BD76-43BBC4707B85}
		{5E10198C-2854-43D1-AAAF-2FBD9672AA56} = {7270B87E-714D-4066-BD76-43BBC4707B85}
	EndGlobalSection
EndGlobal
